// !$*UTF8*$!
{
	archiveVersion = 1;
	classes = {
	};
	objectVersion = 56;
	objects = {

/* Begin PBXBuildFile section */
		51C9DA362AAE79C40047AA0E /* PlayWithAlphaNumericsAppApp.swift in Sources */ = {isa = PBXBuildFile; fileRef = 51C9DA352AAE79C40047AA0E /* PlayWithAlphaNumericsAppApp.swift */; };
		51C9DA382AAE79C40047AA0E /* ContentView.swift in Sources */ = {isa = PBXBuildFile; fileRef = 51C9DA372AAE79C40047AA0E /* ContentView.swift */; };
		51C9DA3A2AAE79C70047AA0E /* Assets.xcassets in Resources */ = {isa = PBXBuildFile; fileRef = 51C9DA392AAE79C70047AA0E /* Assets.xcassets */; };
		51C9DA3E2AAE79C70047AA0E /* Preview Assets.xcassets in Resources */ = {isa = PBXBuildFile; fileRef = 51C9DA3D2AAE79C70047AA0E /* Preview Assets.xcassets */; };
		51C9DA482AAE79C70047AA0E /* PlayWithAlphaNumericsAppTests.swift in Sources */ = {isa = PBXBuildFile; fileRef = 51C9DA472AAE79C70047AA0E /* PlayWithAlphaNumericsAppTests.swift */; };
		51C9DA522AAE79C80047AA0E /* PlayWithAlphaNumericsAppUITests.swift in Sources */ = {isa = PBXBuildFile; fileRef = 51C9DA512AAE79C80047AA0E /* PlayWithAlphaNumericsAppUITests.swift */; };
		51C9DA542AAE79C80047AA0E /* PlayWithAlphaNumericsAppUITestsLaunchTests.swift in Sources */ = {isa = PBXBuildFile; fileRef = 51C9DA532AAE79C80047AA0E /* PlayWithAlphaNumericsAppUITestsLaunchTests.swift */; };
/* End PBXBuildFile section */

/* Begin PBXContainerItemProxy section */
		51C9DA442AAE79C70047AA0E /* PBXContainerItemProxy */ = {
			isa = PBXContainerItemProxy;
			containerPortal = 51C9DA2A2AAE79C30047AA0E /* Project object */;
			proxyType = 1;
			remoteGlobalIDString = 51C9DA312AAE79C30047AA0E;
			remoteInfo = PlayWithAlphaNumericsApp;
		};
		51C9DA4E2AAE79C80047AA0E /* PBXContainerItemProxy */ = {
			isa = PBXContainerItemProxy;
			containerPortal = 51C9DA2A2AAE79C30047AA0E /* Project object */;
			proxyType = 1;
			remoteGlobalIDString = 51C9DA312AAE79C30047AA0E;
			remoteInfo = PlayWithAlphaNumericsApp;
		};
/* End PBXContainerItemProxy section */

/* Begin PBXFileReference section */
		51C9DA322AAE79C40047AA0E /* PlayWithAlphaNumericsApp.app */ = {isa = PBXFileReference; explicitFileType = wrapper.application; includeInIndex = 0; path = PlayWithAlphaNumericsApp.app; sourceTree = BUILT_PRODUCTS_DIR; };
		51C9DA352AAE79C40047AA0E /* PlayWithAlphaNumericsAppApp.swift */ = {isa = PBXFileReference; lastKnownFileType = sourcecode.swift; path = PlayWithAlphaNumericsAppApp.swift; sourceTree = "<group>"; };
		51C9DA372AAE79C40047AA0E /* ContentView.swift */ = {isa = PBXFileReference; lastKnownFileType = sourcecode.swift; path = ContentView.swift; sourceTree = "<group>"; };
		51C9DA392AAE79C70047AA0E /* Assets.xcassets */ = {isa = PBXFileReference; lastKnownFileType = folder.assetcatalog; path = Assets.xcassets; sourceTree = "<group>"; };
		51C9DA3B2AAE79C70047AA0E /* PlayWithAlphaNumericsApp.entitlements */ = {isa = PBXFileReference; lastKnownFileType = text.plist.entitlements; path = PlayWithAlphaNumericsApp.entitlements; sourceTree = "<group>"; };
		51C9DA3D2AAE79C70047AA0E /* Preview Assets.xcassets */ = {isa = PBXFileReference; lastKnownFileType = folder.assetcatalog; path = "Preview Assets.xcassets"; sourceTree = "<group>"; };
		51C9DA432AAE79C70047AA0E /* PlayWithAlphaNumericsAppTests.xctest */ = {isa = PBXFileReference; explicitFileType = wrapper.cfbundle; includeInIndex = 0; path = PlayWithAlphaNumericsAppTests.xctest; sourceTree = BUILT_PRODUCTS_DIR; };
		51C9DA472AAE79C70047AA0E /* PlayWithAlphaNumericsAppTests.swift */ = {isa = PBXFileReference; lastKnownFileType = sourcecode.swift; path = PlayWithAlphaNumericsAppTests.swift; sourceTree = "<group>"; };
		51C9DA4D2AAE79C80047AA0E /* PlayWithAlphaNumericsAppUITests.xctest */ = {isa = PBXFileReference; explicitFileType = wrapper.cfbundle; includeInIndex = 0; path = PlayWithAlphaNumericsAppUITests.xctest; sourceTree = BUILT_PRODUCTS_DIR; };
		51C9DA512AAE79C80047AA0E /* PlayWithAlphaNumericsAppUITests.swift */ = {isa = PBXFileReference; lastKnownFileType = sourcecode.swift; path = PlayWithAlphaNumericsAppUITests.swift; sourceTree = "<group>"; };
		51C9DA532AAE79C80047AA0E /* PlayWithAlphaNumericsAppUITestsLaunchTests.swift */ = {isa = PBXFileReference; lastKnownFileType = sourcecode.swift; path = PlayWithAlphaNumericsAppUITestsLaunchTests.swift; sourceTree = "<group>"; };
/* End PBXFileReference section */

/* Begin PBXFrameworksBuildPhase section */
		51C9DA2F2AAE79C30047AA0E /* Frameworks */ = {
			isa = PBXFrameworksBuildPhase;
			buildActionMask = 2147483647;
			files = (
			);
			runOnlyForDeploymentPostprocessing = 0;
		};
		51C9DA402AAE79C70047AA0E /* Frameworks */ = {
			isa = PBXFrameworksBuildPhase;
			buildActionMask = 2147483647;
			files = (
			);
			runOnlyForDeploymentPostprocessing = 0;
		};
		51C9DA4A2AAE79C80047AA0E /* Frameworks */ = {
			isa = PBXFrameworksBuildPhase;
			buildActionMask = 2147483647;
			files = (
			);
			runOnlyForDeploymentPostprocessing = 0;
		};
/* End PBXFrameworksBuildPhase section */

/* Begin PBXGroup section */
		51C9DA292AAE79C30047AA0E = {
			isa = PBXGroup;
			children = (
				51C9DA342AAE79C40047AA0E /* PlayWithAlphaNumericsApp */,
				51C9DA462AAE79C70047AA0E /* PlayWithAlphaNumericsAppTests */,
				51C9DA502AAE79C80047AA0E /* PlayWithAlphaNumericsAppUITests */,
				51C9DA332AAE79C40047AA0E /* Products */,
			);
			sourceTree = "<group>";
		};
		51C9DA332AAE79C40047AA0E /* Products */ = {
			isa = PBXGroup;
			children = (
				51C9DA322AAE79C40047AA0E /* PlayWithAlphaNumericsApp.app */,
				51C9DA432AAE79C70047AA0E /* PlayWithAlphaNumericsAppTests.xctest */,
				51C9DA4D2AAE79C80047AA0E /* PlayWithAlphaNumericsAppUITests.xctest */,
			);
			name = Products;
			sourceTree = "<group>";
		};
		51C9DA342AAE79C40047AA0E /* PlayWithAlphaNumericsApp */ = {
			isa = PBXGroup;
			children = (
				51C9DA352AAE79C40047AA0E /* PlayWithAlphaNumericsAppApp.swift */,
				51C9DA372AAE79C40047AA0E /* ContentView.swift */,
				51C9DA392AAE79C70047AA0E /* Assets.xcassets */,
				51C9DA3B2AAE79C70047AA0E /* PlayWithAlphaNumericsApp.entitlements */,
				51C9DA3C2AAE79C70047AA0E /* Preview Content */,
			);
			path = PlayWithAlphaNumericsApp;
			sourceTree = "<group>";
		};
		51C9DA3C2AAE79C70047AA0E /* Preview Content */ = {
			isa = PBXGroup;
			children = (
				51C9DA3D2AAE79C70047AA0E /* Preview Assets.xcassets */,
			);
			path = "Preview Content";
			sourceTree = "<group>";
		};
		51C9DA462AAE79C70047AA0E /* PlayWithAlphaNumericsAppTests */ = {
			isa = PBXGroup;
			children = (
				51C9DA472AAE79C70047AA0E /* PlayWithAlphaNumericsAppTests.swift */,
			);
			path = PlayWithAlphaNumericsAppTests;
			sourceTree = "<group>";
		};
		51C9DA502AAE79C80047AA0E /* PlayWithAlphaNumericsAppUITests */ = {
			isa = PBXGroup;
			children = (
				51C9DA512AAE79C80047AA0E /* PlayWithAlphaNumericsAppUITests.swift */,
				51C9DA532AAE79C80047AA0E /* PlayWithAlphaNumericsAppUITestsLaunchTests.swift */,
			);
			path = PlayWithAlphaNumericsAppUITests;
			sourceTree = "<group>";
		};
/* End PBXGroup section */

/* Begin PBXNativeTarget section */
		51C9DA312AAE79C30047AA0E /* PlayWithAlphaNumericsApp */ = {
			isa = PBXNativeTarget;
			buildConfigurationList = 51C9DA572AAE79C80047AA0E /* Build configuration list for PBXNativeTarget "PlayWithAlphaNumericsApp" */;
			buildPhases = (
				51C9DA2E2AAE79C30047AA0E /* Sources */,
				51C9DA2F2AAE79C30047AA0E /* Frameworks */,
				51C9DA302AAE79C30047AA0E /* Resources */,
			);
			buildRules = (
			);
			dependencies = (
			);
			name = PlayWithAlphaNumericsApp;
			productName = PlayWithAlphaNumericsApp;
			productReference = 51C9DA322AAE79C40047AA0E /* PlayWithAlphaNumericsApp.app */;
			productType = "com.apple.product-type.application";
		};
		51C9DA422AAE79C70047AA0E /* PlayWithAlphaNumericsAppTests */ = {
			isa = PBXNativeTarget;
			buildConfigurationList = 51C9DA5A2AAE79C80047AA0E /* Build configuration list for PBXNativeTarget "PlayWithAlphaNumericsAppTests" */;
			buildPhases = (
				51C9DA3F2AAE79C70047AA0E /* Sources */,
				51C9DA402AAE79C70047AA0E /* Frameworks */,
				51C9DA412AAE79C70047AA0E /* Resources */,
			);
			buildRules = (
			);
			dependencies = (
				51C9DA452AAE79C70047AA0E /* PBXTargetDependency */,
			);
			name = PlayWithAlphaNumericsAppTests;
			productName = PlayWithAlphaNumericsAppTests;
			productReference = 51C9DA432AAE79C70047AA0E /* PlayWithAlphaNumericsAppTests.xctest */;
			productType = "com.apple.product-type.bundle.unit-test";
		};
		51C9DA4C2AAE79C80047AA0E /* PlayWithAlphaNumericsAppUITests */ = {
			isa = PBXNativeTarget;
			buildConfigurationList = 51C9DA5D2AAE79C80047AA0E /* Build configuration list for PBXNativeTarget "PlayWithAlphaNumericsAppUITests" */;
			buildPhases = (
				51C9DA492AAE79C80047AA0E /* Sources */,
				51C9DA4A2AAE79C80047AA0E /* Frameworks */,
				51C9DA4B2AAE79C80047AA0E /* Resources */,
			);
			buildRules = (
			);
			dependencies = (
				51C9DA4F2AAE79C80047AA0E /* PBXTargetDependency */,
			);
			name = PlayWithAlphaNumericsAppUITests;
			productName = PlayWithAlphaNumericsAppUITests;
			productReference = 51C9DA4D2AAE79C80047AA0E /* PlayWithAlphaNumericsAppUITests.xctest */;
			productType = "com.apple.product-type.bundle.ui-testing";
		};
/* End PBXNativeTarget section */

/* Begin PBXProject section */
		51C9DA2A2AAE79C30047AA0E /* Project object */ = {
			isa = PBXProject;
			attributes = {
				BuildIndependentTargetsInParallel = 1;
				LastSwiftUpdateCheck = 1430;
				LastUpgradeCheck = 1430;
				TargetAttributes = {
					51C9DA312AAE79C30047AA0E = {
						CreatedOnToolsVersion = 14.3.1;
					};
					51C9DA422AAE79C70047AA0E = {
						CreatedOnToolsVersion = 14.3.1;
						TestTargetID = 51C9DA312AAE79C30047AA0E;
					};
					51C9DA4C2AAE79C80047AA0E = {
						CreatedOnToolsVersion = 14.3.1;
						TestTargetID = 51C9DA312AAE79C30047AA0E;
					};
				};
			};
			buildConfigurationList = 51C9DA2D2AAE79C30047AA0E /* Build configuration list for PBXProject "PlayWithAlphaNumericsApp" */;
			compatibilityVersion = "Xcode 14.0";
			developmentRegion = en;
			hasScannedForEncodings = 0;
			knownRegions = (
				en,
				Base,
			);
			mainGroup = 51C9DA292AAE79C30047AA0E;
			productRefGroup = 51C9DA332AAE79C40047AA0E /* Products */;
			projectDirPath = "";
			projectRoot = "";
			targets = (
				51C9DA312AAE79C30047AA0E /* PlayWithAlphaNumericsApp */,
				51C9DA422AAE79C70047AA0E /* PlayWithAlphaNumericsAppTests */,
				51C9DA4C2AAE79C80047AA0E /* PlayWithAlphaNumericsAppUITests */,
			);
		};
/* End PBXProject section */

/* Begin PBXResourcesBuildPhase section */
		51C9DA302AAE79C30047AA0E /* Resources */ = {
			isa = PBXResourcesBuildPhase;
			buildActionMask = 2147483647;
			files = (
				51C9DA3E2AAE79C70047AA0E /* Preview Assets.xcassets in Resources */,
				51C9DA3A2AAE79C70047AA0E /* Assets.xcassets in Resources */,
			);
			runOnlyForDeploymentPostprocessing = 0;
		};
		51C9DA412AAE79C70047AA0E /* Resources */ = {
			isa = PBXResourcesBuildPhase;
			buildActionMask = 2147483647;
			files = (
			);
			runOnlyForDeploymentPostprocessing = 0;
		};
		51C9DA4B2AAE79C80047AA0E /* Resources */ = {
			isa = PBXResourcesBuildPhase;
			buildActionMask = 2147483647;
			files = (
			);
			runOnlyForDeploymentPostprocessing = 0;
		};
/* End PBXResourcesBuildPhase section */

/* Begin PBXSourcesBuildPhase section */
		51C9DA2E2AAE79C30047AA0E /* Sources */ = {
			isa = PBXSourcesBuildPhase;
			buildActionMask = 2147483647;
			files = (
				51C9DA382AAE79C40047AA0E /* ContentView.swift in Sources */,
				51C9DA362AAE79C40047AA0E /* PlayWithAlphaNumericsAppApp.swift in Sources */,
			);
			runOnlyForDeploymentPostprocessing = 0;
		};
		51C9DA3F2AAE79C70047AA0E /* Sources */ = {
			isa = PBXSourcesBuildPhase;
			buildActionMask = 2147483647;
			files = (
				51C9DA482AAE79C70047AA0E /* PlayWithAlphaNumericsAppTests.swift in Sources */,
			);
			runOnlyForDeploymentPostprocessing = 0;
		};
		51C9DA492AAE79C80047AA0E /* Sources */ = {
			isa = PBXSourcesBuildPhase;
			buildActionMask = 2147483647;
			files = (
				51C9DA522AAE79C80047AA0E /* PlayWithAlphaNumericsAppUITests.swift in Sources */,
				51C9DA542AAE79C80047AA0E /* PlayWithAlphaNumericsAppUITestsLaunchTests.swift in Sources */,
			);
			runOnlyForDeploymentPostprocessing = 0;
		};
/* End PBXSourcesBuildPhase section */

/* Begin PBXTargetDependency section */
		51C9DA452AAE79C70047AA0E /* PBXTargetDependency */ = {
			isa = PBXTargetDependency;
			target = 51C9DA312AAE79C30047AA0E /* PlayWithAlphaNumericsApp */;
			targetProxy = 51C9DA442AAE79C70047AA0E /* PBXContainerItemProxy */;
		};
		51C9DA4F2AAE79C80047AA0E /* PBXTargetDependency */ = {
			isa = PBXTargetDependency;
			target = 51C9DA312AAE79C30047AA0E /* PlayWithAlphaNumericsApp */;
			targetProxy = 51C9DA4E2AAE79C80047AA0E /* PBXContainerItemProxy */;
		};
/* End PBXTargetDependency section */

/* Begin XCBuildConfiguration section */
		51C9DA552AAE79C80047AA0E /* Debug */ = {
			isa = XCBuildConfiguration;
			buildSettings = {
				ALWAYS_SEARCH_USER_PATHS = NO;
				CLANG_ANALYZER_NONNULL = YES;
				CLANG_ANALYZER_NUMBER_OBJECT_CONVERSION = YES_AGGRESSIVE;
				CLANG_CXX_LANGUAGE_STANDARD = "gnu++20";
				CLANG_ENABLE_MODULES = YES;
				CLANG_ENABLE_OBJC_ARC = YES;
				CLANG_ENABLE_OBJC_WEAK = YES;
				CLANG_WARN_BLOCK_CAPTURE_AUTORELEASING = YES;
				CLANG_WARN_BOOL_CONVERSION = YES;
				CLANG_WARN_COMMA = YES;
				CLANG_WARN_CONSTANT_CONVERSION = YES;
				CLANG_WARN_DEPRECATED_OBJC_IMPLEMENTATIONS = YES;
				CLANG_WARN_DIRECT_OBJC_ISA_USAGE = YES_ERROR;
				CLANG_WARN_DOCUMENTATION_COMMENTS = YES;
				CLANG_WARN_EMPTY_BODY = YES;
				CLANG_WARN_ENUM_CONVERSION = YES;
				CLANG_WARN_INFINITE_RECURSION = YES;
				CLANG_WARN_INT_CONVERSION = YES;
				CLANG_WARN_NON_LITERAL_NULL_CONVERSION = YES;
				CLANG_WARN_OBJC_IMPLICIT_RETAIN_SELF = YES;
				CLANG_WARN_OBJC_LITERAL_CONVERSION = YES;
				CLANG_WARN_OBJC_ROOT_CLASS = YES_ERROR;
				CLANG_WARN_QUOTED_INCLUDE_IN_FRAMEWORK_HEADER = YES;
				CLANG_WARN_RANGE_LOOP_ANALYSIS = YES;
				CLANG_WARN_STRICT_PROTOTYPES = YES;
				CLANG_WARN_SUSPICIOUS_MOVE = YES;
				CLANG_WARN_UNGUARDED_AVAILABILITY = YES_AGGRESSIVE;
				CLANG_WARN_UNREACHABLE_CODE = YES;
				CLANG_WARN__DUPLICATE_METHOD_MATCH = YES;
				COPY_PHASE_STRIP = NO;
				DEBUG_INFORMATION_FORMAT = dwarf;
				ENABLE_STRICT_OBJC_MSGSEND = YES;
				ENABLE_TESTABILITY = YES;
				GCC_C_LANGUAGE_STANDARD = gnu11;
				GCC_DYNAMIC_NO_PIC = NO;
				GCC_NO_COMMON_BLOCKS = YES;
				GCC_OPTIMIZATION_LEVEL = 0;
				GCC_PREPROCESSOR_DEFINITIONS = (
					"DEBUG=1",
					"$(inherited)",
				);
				GCC_WARN_64_TO_32_BIT_CONVERSION = YES;
				GCC_WARN_ABOUT_RETURN_TYPE = YES_ERROR;
				GCC_WARN_UNDECLARED_SELECTOR = YES;
				GCC_WARN_UNINITIALIZED_AUTOS = YES_AGGRESSIVE;
				GCC_WARN_UNUSED_FUNCTION = YES;
				GCC_WARN_UNUSED_VARIABLE = YES;
				MTL_ENABLE_DEBUG_INFO = INCLUDE_SOURCE;
				MTL_FAST_MATH = YES;
				ONLY_ACTIVE_ARCH = YES;
				SWIFT_ACTIVE_COMPILATION_CONDITIONS = DEBUG;
				SWIFT_OPTIMIZATION_LEVEL = "-Onone";
			};
			name = Debug;
		};
		51C9DA562AAE79C80047AA0E /* Release */ = {
			isa = XCBuildConfiguration;
			buildSettings = {
				ALWAYS_SEARCH_USER_PATHS = NO;
				CLANG_ANALYZER_NONNULL = YES;
				CLANG_ANALYZER_NUMBER_OBJECT_CONVERSION = YES_AGGRESSIVE;
				CLANG_CXX_LANGUAGE_STANDARD = "gnu++20";
				CLANG_ENABLE_MODULES = YES;
				CLANG_ENABLE_OBJC_ARC = YES;
				CLANG_ENABLE_OBJC_WEAK = YES;
				CLANG_WARN_BLOCK_CAPTURE_AUTORELEASING = YES;
				CLANG_WARN_BOOL_CONVERSION = YES;
				CLANG_WARN_COMMA = YES;
				CLANG_WARN_CONSTANT_CONVERSION = YES;
				CLANG_WARN_DEPRECATED_OBJC_IMPLEMENTATIONS = YES;
				CLANG_WARN_DIRECT_OBJC_ISA_USAGE = YES_ERROR;
				CLANG_WARN_DOCUMENTATION_COMMENTS = YES;
				CLANG_WARN_EMPTY_BODY = YES;
				CLANG_WARN_ENUM_CONVERSION = YES;
				CLANG_WARN_INFINITE_RECURSION = YES;
				CLANG_WARN_INT_CONVERSION = YES;
				CLANG_WARN_NON_LITERAL_NULL_CONVERSION = YES;
				CLANG_WARN_OBJC_IMPLICIT_RETAIN_SELF = YES;
				CLANG_WARN_OBJC_LITERAL_CONVERSION = YES;
				CLANG_WARN_OBJC_ROOT_CLASS = YES_ERROR;
				CLANG_WARN_QUOTED_INCLUDE_IN_FRAMEWORK_HEADER = YES;
				CLANG_WARN_RANGE_LOOP_ANALYSIS = YES;
				CLANG_WARN_STRICT_PROTOTYPES = YES;
				CLANG_WARN_SUSPICIOUS_MOVE = YES;
				CLANG_WARN_UNGUARDED_AVAILABILITY = YES_AGGRESSIVE;
				CLANG_WARN_UNREACHABLE_CODE = YES;
				CLANG_WARN__DUPLICATE_METHOD_MATCH = YES;
				COPY_PHASE_STRIP = NO;
				DEBUG_INFORMATION_FORMAT = "dwarf-with-dsym";
				ENABLE_NS_ASSERTIONS = NO;
				ENABLE_STRICT_OBJC_MSGSEND = YES;
				GCC_C_LANGUAGE_STANDARD = gnu11;
				GCC_NO_COMMON_BLOCKS = YES;
				GCC_WARN_64_TO_32_BIT_CONVERSION = YES;
				GCC_WARN_ABOUT_RETURN_TYPE = YES_ERROR;
				GCC_WARN_UNDECLARED_SELECTOR = YES;
				GCC_WARN_UNINITIALIZED_AUTOS = YES_AGGRESSIVE;
				GCC_WARN_UNUSED_FUNCTION = YES;
				GCC_WARN_UNUSED_VARIABLE = YES;
				MTL_ENABLE_DEBUG_INFO = NO;
				MTL_FAST_MATH = YES;
				SWIFT_COMPILATION_MODE = wholemodule;
				SWIFT_OPTIMIZATION_LEVEL = "-O";
			};
			name = Release;
		};
		51C9DA582AAE79C80047AA0E /* Debug */ = {
			isa = XCBuildConfiguration;
			buildSettings = {
				ASSETCATALOG_COMPILER_APPICON_NAME = AppIcon;
				ASSETCATALOG_COMPILER_GLOBAL_ACCENT_COLOR_NAME = AccentColor;
				CODE_SIGN_ENTITLEMENTS = PlayWithAlphaNumericsApp/PlayWithAlphaNumericsApp.entitlements;
				CODE_SIGN_STYLE = Automatic;
				CURRENT_PROJECT_VERSION = 1;
				DEVELOPMENT_ASSET_PATHS = "\"PlayWithAlphaNumericsApp/Preview Content\"";
				ENABLE_PREVIEWS = YES;
				GENERATE_INFOPLIST_FILE = YES;
				"INFOPLIST_KEY_UIApplicationSceneManifest_Generation[sdk=iphoneos*]" = YES;
				"INFOPLIST_KEY_UIApplicationSceneManifest_Generation[sdk=iphonesimulator*]" = YES;
				"INFOPLIST_KEY_UIApplicationSupportsIndirectInputEvents[sdk=iphoneos*]" = YES;
				"INFOPLIST_KEY_UIApplicationSupportsIndirectInputEvents[sdk=iphonesimulator*]" = YES;
				"INFOPLIST_KEY_UILaunchScreen_Generation[sdk=iphoneos*]" = YES;
				"INFOPLIST_KEY_UILaunchScreen_Generation[sdk=iphonesimulator*]" = YES;
				"INFOPLIST_KEY_UIStatusBarStyle[sdk=iphoneos*]" = UIStatusBarStyleDefault;
				"INFOPLIST_KEY_UIStatusBarStyle[sdk=iphonesimulator*]" = UIStatusBarStyleDefault;
				INFOPLIST_KEY_UISupportedInterfaceOrientations_iPad = "UIInterfaceOrientationPortrait UIInterfaceOrientationPortraitUpsideDown UIInterfaceOrientationLandscapeLeft UIInterfaceOrientationLandscapeRight";
				INFOPLIST_KEY_UISupportedInterfaceOrientations_iPhone = "UIInterfaceOrientationPortrait UIInterfaceOrientationLandscapeLeft UIInterfaceOrientationLandscapeRight";
				IPHONEOS_DEPLOYMENT_TARGET = 16.4;
				LD_RUNPATH_SEARCH_PATHS = "@executable_path/Frameworks";
				"LD_RUNPATH_SEARCH_PATHS[sdk=macosx*]" = "@executable_path/../Frameworks";
				MACOSX_DEPLOYMENT_TARGET = 13.3;
				MARKETING_VERSION = 1.0;
				PRODUCT_BUNDLE_IDENTIFIER = edu.northwest.PlayWithAlphaNumericsApp;
				PRODUCT_NAME = "$(TARGET_NAME)";
				SDKROOT = auto;
				SUPPORTED_PLATFORMS = "iphoneos iphonesimulator macosx";
				SWIFT_EMIT_LOC_STRINGS = YES;
				SWIFT_VERSION = 5.0;
				TARGETED_DEVICE_FAMILY = "1,2";
			};
			name = Debug;
		};
		51C9DA592AAE79C80047AA0E /* Release */ = {
			isa = XCBuildConfiguration;
			buildSettings = {
				ASSETCATALOG_COMPILER_APPICON_NAME = AppIcon;
				ASSETCATALOG_COMPILER_GLOBAL_ACCENT_COLOR_NAME = AccentColor;
				CODE_SIGN_ENTITLEMENTS = PlayWithAlphaNumericsApp/PlayWithAlphaNumericsApp.entitlements;
				CODE_SIGN_STYLE = Automatic;
				CURRENT_PROJECT_VERSION = 1;
				DEVELOPMENT_ASSET_PATHS = "\"PlayWithAlphaNumericsApp/Preview Content\"";
				ENABLE_PREVIEWS = YES;
				GENERATE_INFOPLIST_FILE = YES;
				"INFOPLIST_KEY_UIApplicationSceneManifest_Generation[sdk=iphoneos*]" = YES;
				"INFOPLIST_KEY_UIApplicationSceneManifest_Generation[sdk=iphonesimulator*]" = YES;
				"INFOPLIST_KEY_UIApplicationSupportsIndirectInputEvents[sdk=iphoneos*]" = YES;
				"INFOPLIST_KEY_UIApplicationSupportsIndirectInputEvents[sdk=iphonesimulator*]" = YES;
				"INFOPLIST_KEY_UILaunchScreen_Generation[sdk=iphoneos*]" = YES;
				"INFOPLIST_KEY_UILaunchScreen_Generation[sdk=iphonesimulator*]" = YES;
				"INFOPLIST_KEY_UIStatusBarStyle[sdk=iphoneos*]" = UIStatusBarStyleDefault;
				"INFOPLIST_KEY_UIStatusBarStyle[sdk=iphonesimulator*]" = UIStatusBarStyleDefault;
				INFOPLIST_KEY_UISupportedInterfaceOrientations_iPad = "UIInterfaceOrientationPortrait UIInterfaceOrientationPortraitUpsideDown UIInterfaceOrientationLandscapeLeft UIInterfaceOrientationLandscapeRight";
				INFOPLIST_KEY_UISupportedInterfaceOrientations_iPhone = "UIInterfaceOrientationPortrait UIInterfaceOrientationLandscapeLeft UIInterfaceOrientationLandscapeRight";
				IPHONEOS_DEPLOYMENT_TARGET = 16.4;
				LD_RUNPATH_SEARCH_PATHS = "@executable_path/Frameworks";
				"LD_RUNPATH_SEARCH_PATHS[sdk=macosx*]" = "@executable_path/../Frameworks";
				MACOSX_DEPLOYMENT_TARGET = 13.3;
				MARKETING_VERSION = 1.0;
				PRODUCT_BUNDLE_IDENTIFIER = edu.northwest.PlayWithAlphaNumericsApp;
				PRODUCT_NAME = "$(TARGET_NAME)";
				SDKROOT = auto;
				SUPPORTED_PLATFORMS = "iphoneos iphonesimulator macosx";
				SWIFT_EMIT_LOC_STRINGS = YES;
				SWIFT_VERSION = 5.0;
				TARGETED_DEVICE_FAMILY = "1,2";
			};
			name = Release;
		};
		51C9DA5B2AAE79C80047AA0E /* Debug */ = {
			isa = XCBuildConfiguration;
			buildSettings = {
				ALWAYS_EMBED_SWIFT_STANDARD_LIBRARIES = YES;
				BUNDLE_LOADER = "$(TEST_HOST)";
				CODE_SIGN_STYLE = Automatic;
				CURRENT_PROJECT_VERSION = 1;
				GENERATE_INFOPLIST_FILE = YES;
				IPHONEOS_DEPLOYMENT_TARGET = 16.4;
				MACOSX_DEPLOYMENT_TARGET = 13.3;
				MARKETING_VERSION = 1.0;
				PRODUCT_BUNDLE_IDENTIFIER = edu.northwest.PlayWithAlphaNumericsAppTests;
				PRODUCT_NAME = "$(TARGET_NAME)";
				SDKROOT = auto;
				SUPPORTED_PLATFORMS = "iphoneos iphonesimulator macosx";
				SWIFT_EMIT_LOC_STRINGS = NO;
				SWIFT_VERSION = 5.0;
				TARGETED_DEVICE_FAMILY = "1,2";
				TEST_HOST = "$(BUILT_PRODUCTS_DIR)/PlayWithAlphaNumericsApp.app/$(BUNDLE_EXECUTABLE_FOLDER_PATH)/PlayWithAlphaNumericsApp";
			};
			name = Debug;
		};
		51C9DA5C2AAE79C80047AA0E /* Release */ = {
			isa = XCBuildConfiguration;
			buildSettings = {
				ALWAYS_EMBED_SWIFT_STANDARD_LIBRARIES = YES;
				BUNDLE_LOADER = "$(TEST_HOST)";
				CODE_SIGN_STYLE = Automatic;
				CURRENT_PROJECT_VERSION = 1;
				GENERATE_INFOPLIST_FILE = YES;
				IPHONEOS_DEPLOYMENT_TARGET = 16.4;
				MACOSX_DEPLOYMENT_TARGET = 13.3;
				MARKETING_VERSION = 1.0;
				PRODUCT_BUNDLE_IDENTIFIER = edu.northwest.PlayWithAlphaNumericsAppTests;
				PRODUCT_NAME = "$(TARGET_NAME)";
				SDKROOT = auto;
				SUPPORTED_PLATFORMS = "iphoneos iphonesimulator macosx";
				SWIFT_EMIT_LOC_STRINGS = NO;
				SWIFT_VERSION = 5.0;
				TARGETED_DEVICE_FAMILY = "1,2";
				TEST_HOST = "$(BUILT_PRODUCTS_DIR)/PlayWithAlphaNumericsApp.app/$(BUNDLE_EXECUTABLE_FOLDER_PATH)/PlayWithAlphaNumericsApp";
			};
			name = Release;
		};
		51C9DA5E2AAE79C80047AA0E /* Debug */ = {
			isa = XCBuildConfiguration;
			buildSettings = {
				ALWAYS_EMBED_SWIFT_STANDARD_LIBRARIES = YES;
				CODE_SIGN_STYLE = Automatic;
				CURRENT_PROJECT_VERSION = 1;
				GENERATE_INFOPLIST_FILE = YES;
				IPHONEOS_DEPLOYMENT_TARGET = 16.4;
				MACOSX_DEPLOYMENT_TARGET = 13.3;
				MARKETING_VERSION = 1.0;
				PRODUCT_BUNDLE_IDENTIFIER = edu.northwest.PlayWithAlphaNumericsAppUITests;
				PRODUCT_NAME = "$(TARGET_NAME)";
				SDKROOT = auto;
				SUPPORTED_PLATFORMS = "iphoneos iphonesimulator macosx";
				SWIFT_EMIT_LOC_STRINGS = NO;
				SWIFT_VERSION = 5.0;
				TARGETED_DEVICE_FAMILY = "1,2";
				TEST_TARGET_NAME = PlayWithAlphaNumericsApp;
			};
			name = Debug;
		};
		51C9DA5F2AAE79C80047AA0E /* Release */ = {
			isa = XCBuildConfiguration;
			buildSettings = {
				ALWAYS_EMBED_SWIFT_STANDARD_LIBRARIES = YES;
				CODE_SIGN_STYLE = Automatic;
				CURRENT_PROJECT_VERSION = 1;
				GENERATE_INFOPLIST_FILE = YES;
				IPHONEOS_DEPLOYMENT_TARGET = 16.4;
				MACOSX_DEPLOYMENT_TARGET = 13.3;
				MARKETING_VERSION = 1.0;
				PRODUCT_BUNDLE_IDENTIFIER = edu.northwest.PlayWithAlphaNumericsAppUITests;
				PRODUCT_NAME = "$(TARGET_NAME)";
				SDKROOT = auto;
				SUPPORTED_PLATFORMS = "iphoneos iphonesimulator macosx";
				SWIFT_EMIT_LOC_STRINGS = NO;
				SWIFT_VERSION = 5.0;
				TARGETED_DEVICE_FAMILY = "1,2";
				TEST_TARGET_NAME = PlayWithAlphaNumericsApp;
			};
			name = Release;
		};
/* End XCBuildConfiguration section */

/* Begin XCConfigurationList section */
		51C9DA2D2AAE79C30047AA0E /* Build configuration list for PBXProject "PlayWithAlphaNumericsApp" */ = {
			isa = XCConfigurationList;
			buildConfigurations = (
				51C9DA552AAE79C80047AA0E /* Debug */,
				51C9DA562AAE79C80047AA0E /* Release */,
			);
			defaultConfigurationIsVisible = 0;
			defaultConfigurationName = Release;
		};
		51C9DA572AAE79C80047AA0E /* Build configuration list for PBXNativeTarget "PlayWithAlphaNumericsApp" */ = {
			isa = XCConfigurationList;
			buildConfigurations = (
				51C9DA582AAE79C80047AA0E /* Debug */,
				51C9DA592AAE79C80047AA0E /* Release */,
			);
			defaultConfigurationIsVisible = 0;
			defaultConfigurationName = Release;
		};
		51C9DA5A2AAE79C80047AA0E /* Build configuration list for PBXNativeTarget "PlayWithAlphaNumericsAppTests" */ = {
			isa = XCConfigurationList;
			buildConfigurations = (
				51C9DA5B2AAE79C80047AA0E /* Debug */,
				51C9DA5C2AAE79C80047AA0E /* Release */,
			);
			defaultConfigurationIsVisible = 0;
			defaultConfigurationName = Release;
		};
		51C9DA5D2AAE79C80047AA0E /* Build configuration list for PBXNativeTarget "PlayWithAlphaNumericsAppUITests" */ = {
			isa = XCConfigurationList;
			buildConfigurations = (
				51C9DA5E2AAE79C80047AA0E /* Debug */,
				51C9DA5F2AAE79C80047AA0E /* Release */,
			);
			defaultConfigurationIsVisible = 0;
			defaultConfigurationName = Release;
		};
/* End XCConfigurationList section */
	};
	rootObject = 51C9DA2A2AAE79C30047AA0E /* Project object */;
}
